
Microsoft Visual Studio Solution File, Format Version 12.00
Project("{FAE04EC0-301F-11D3-BF4B-00C04F79EFBC}") = "AutoSudoku.Function", "AutoSudoku.Function\AutoSudoku.Function.csproj", "{C2AA7A08-B5D6-4EBC-9755-B39D0AF82769}"
EndProject
Project("{FAE04EC0-301F-11D3-BF4B-00C04F79EFBC}") = "AutoSudoku.Function.Tests", "AutoSudoku.Function.Tests\AutoSudoku.Function.Tests.csproj", "{19E76AC6-6BDA-47FA-84CB-D76FEB1D4E8B}"
EndProject
Global
	GlobalSection(SolutionConfigurationPlatforms) = preSolution
		Debug|Any CPU = Debug|Any CPU
		Release|Any CPU = Release|Any CPU
	EndGlobalSection
	GlobalSection(ProjectConfigurationPlatforms) = postSolution
		{C2AA7A08-B5D6-4EBC-9755-B39D0AF82769}.Debug|Any CPU.ActiveCfg = Debug|Any CPU
		{C2AA7A08-B5D6-4EBC-9755-B39D0AF82769}.Debug|Any CPU.Build.0 = Debug|Any CPU
		{C2AA7A08-B5D6-4EBC-9755-B39D0AF82769}.Release|Any CPU.ActiveCfg = Release|Any CPU
		{C2AA7A08-B5D6-4EBC-9755-B39D0AF82769}.Release|Any CPU.Build.0 = Release|Any CPU
		{19E76AC6-6BDA-47FA-84CB-D76FEB1D4E8B}.Debug|Any CPU.ActiveCfg = Debug|Any CPU
		{19E76AC6-6BDA-47FA-84CB-D76FEB1D4E8B}.Debug|Any CPU.Build.0 = Debug|Any CPU
		{19E76AC6-6BDA-47FA-84CB-D76FEB1D4E8B}.Release|Any CPU.ActiveCfg = Release|Any CPU
		{19E76AC6-6BDA-47FA-84CB-D76FEB1D4E8B}.Release|Any CPU.Build.0 = Release|Any CPU
	EndGlobalSection
EndGlobal
